
Microsoft Visual Studio Solution File, Format Version 12.00
# Visual Studio Version 17
VisualStudioVersion = 17.12.35527.113
MinimumVisualStudioVersion = 10.0.40219.1
Project("{FAE04EC0-301F-11D3-BF4B-00C04F79EFBC}") = "School.API", "GraphQLAPI\School.API.csproj", "{75844A2A-EADA-470D-B223-6FA85A81EEA9}"
EndProject
Project("{FAE04EC0-301F-11D3-BF4B-00C04F79EFBC}") = "School.Core", "School.Core\School.Core.csproj", "{FB36D549-5223-406D-AB9F-976F6D20E222}"
EndProject
Project("{FAE04EC0-301F-11D3-BF4B-00C04F79EFBC}") = "School.Infrastructure", "School.Infrastructure\School.Infrastructure.csproj", "{819CB1E7-7B19-45A1-B408-BF919A1B35FD}"
EndProject
Global
	GlobalSection(SolutionConfigurationPlatforms) = preSolution
		Debug|Any CPU = Debug|Any CPU
		Release|Any CPU = Release|Any CPU
	EndGlobalSection
	GlobalSection(ProjectConfigurationPlatforms) = postSolution
		{75844A2A-EADA-470D-B223-6FA85A81EEA9}.Debug|Any CPU.ActiveCfg = Debug|Any CPU
		{75844A2A-EADA-470D-B223-6FA85A81EEA9}.Debug|Any CPU.Build.0 = Debug|Any CPU
		{75844A2A-EADA-470D-B223-6FA85A81EEA9}.Release|Any CPU.ActiveCfg = Release|Any CPU
		{75844A2A-EADA-470D-B223-6FA85A81EEA9}.Release|Any CPU.Build.0 = Release|Any CPU
		{FB36D549-5223-406D-AB9F-976F6D20E222}.Debug|Any CPU.ActiveCfg = Debug|Any CPU
		{FB36D549-5223-406D-AB9F-976F6D20E222}.Debug|Any CPU.Build.0 = Debug|Any CPU
		{FB36D549-5223-406D-AB9F-976F6D20E222}.Release|Any CPU.ActiveCfg = Release|Any CPU
		{FB36D549-5223-406D-AB9F-976F6D20E222}.Release|Any CPU.Build.0 = Release|Any CPU
		{819CB1E7-7B19-45A1-B408-BF919A1B35FD}.Debug|Any CPU.ActiveCfg = Debug|Any CPU
		{819CB1E7-7B19-45A1-B408-BF919A1B35FD}.Debug|Any CPU.Build.0 = Debug|Any CPU
		{819CB1E7-7B19-45A1-B408-BF919A1B35FD}.Release|Any CPU.ActiveCfg = Release|Any CPU
		{819CB1E7-7B19-45A1-B408-BF919A1B35FD}.Release|Any CPU.Build.0 = Release|Any CPU
	EndGlobalSection
	GlobalSection(SolutionProperties) = preSolution
		HideSolutionNode = FALSE
	EndGlobalSection
EndGlobal
